
Microsoft Visual Studio Solution File, Format Version 12.00
# Visual Studio Version 16
VisualStudioVersion = 16.0.30717.126
MinimumVisualStudioVersion = 10.0.40219.1
Project("{FAE04EC0-301F-11D3-BF4B-00C04F79EFBC}") = "SNA_Task_06", "SNA_Task_06.csproj", "{0C4D602F-AD94-4FF3-8A14-51AFB5B6BD2B}"
EndProject
Global
	GlobalSection(SolutionConfigurationPlatforms) = preSolution
		Debug|Any CPU = Debug|Any CPU
		Release|Any CPU = Release|Any CPU
	EndGlobalSection
	GlobalSection(ProjectConfigurationPlatforms) = postSolution
		{0C4D602F-AD94-4FF3-8A14-51AFB5B6BD2B}.Debug|Any CPU.ActiveCfg = Debug|Any CPU
		{0C4D602F-AD94-4FF3-8A14-51AFB5B6BD2B}.Debug|Any CPU.Build.0 = Debug|Any CPU
		{0C4D602F-AD94-4FF3-8A14-51AFB5B6BD2B}.Release|Any CPU.ActiveCfg = Release|Any CPU
		{0C4D602F-AD94-4FF3-8A14-51AFB5B6BD2B}.Release|Any CPU.Build.0 = Release|Any CPU
	EndGlobalSection
	GlobalSection(SolutionProperties) = preSolution
		HideSolutionNode = FALSE
	EndGlobalSection
	GlobalSection(ExtensibilityGlobals) = postSolution
		SolutionGuid = {E573C02A-544F-423B-BD8C-642FADC14A52}
	EndGlobalSection
EndGlobal
